// !$*UTF8*$!
{
	archiveVersion = 1;
	classes = {
	};
	objectVersion = 46;
	objects = {

/* Begin PBXBuildFile section */
		18CAAA086785F2C584BDE5C3 /* Pods_AlisterSwift_Tests.framework in Frameworks */ = {isa = PBXBuildFile; fileRef = A88BDF372E35D2410ECCC29D /* Pods_AlisterSwift_Tests.framework */; };
		607FACD61AFB9204008FA782 /* AppDelegate.swift in Sources */ = {isa = PBXBuildFile; fileRef = 607FACD51AFB9204008FA782 /* AppDelegate.swift */; };
		607FACDD1AFB9204008FA782 /* Images.xcassets in Resources */ = {isa = PBXBuildFile; fileRef = 607FACDC1AFB9204008FA782 /* Images.xcassets */; };
		607FACE01AFB9204008FA782 /* LaunchScreen.xib in Resources */ = {isa = PBXBuildFile; fileRef = 607FACDE1AFB9204008FA782 /* LaunchScreen.xib */; };
		BC8DFD74654D388CE3B86173 /* Pods_AlisterSwift_Example.framework in Frameworks */ = {isa = PBXBuildFile; fileRef = EF9B709AFE6E0E81A30D6A2C /* Pods_AlisterSwift_Example.framework */; };
		C74BA00720D27F7D0003AF3D /* ListCollectionViewSpec.swift in Sources */ = {isa = PBXBuildFile; fileRef = D41F11ED20D0074500DFC572 /* ListCollectionViewSpec.swift */; };
		C74BA00820D27F7D0003AF3D /* ListTableViewSpec.swift in Sources */ = {isa = PBXBuildFile; fileRef = D41F11FC20D0074500DFC572 /* ListTableViewSpec.swift */; };
		C74BA00920D27F7D0003AF3D /* ListControllerMappingServiceSpec.swift in Sources */ = {isa = PBXBuildFile; fileRef = D41F11FE20D0074500DFC572 /* ListControllerMappingServiceSpec.swift */; };
		C74BA00A20D27F7D0003AF3D /* ListControllerReloadOperationSpec.swift in Sources */ = {isa = PBXBuildFile; fileRef = D41F11F620D0074500DFC572 /* ListControllerReloadOperationSpec.swift */; };
		C74BA00B20D27F7D0003AF3D /* ListControllerUpdateOperationSpec.swift in Sources */ = {isa = PBXBuildFile; fileRef = D41F11F420D0074500DFC572 /* ListControllerUpdateOperationSpec.swift */; };
		C74BA00C20D27F7D0003AF3D /* SearchManagerSpec.swift in Sources */ = {isa = PBXBuildFile; fileRef = D41F11F120D0074500DFC572 /* SearchManagerSpec.swift */; };
		C74BA00D20D27F7D0003AF3D /* StorageLoaderSpec.swift in Sources */ = {isa = PBXBuildFile; fileRef = D41F11F820D0074500DFC572 /* StorageLoaderSpec.swift */; };
		C74BA00E20D27F7D0003AF3D /* StorageRemoverSpec.swift in Sources */ = {isa = PBXBuildFile; fileRef = D41F11F920D0074500DFC572 /* StorageRemoverSpec.swift */; };
		C74BA00F20D27F7D0003AF3D /* StorageSpec.swift in Sources */ = {isa = PBXBuildFile; fileRef = D41F11FA20D0074500DFC572 /* StorageSpec.swift */; };
		C74BA01020D27F7D0003AF3D /* StorageUpdaterSpec.swift in Sources */ = {isa = PBXBuildFile; fileRef = D41F11FB20D0074500DFC572 /* StorageUpdaterSpec.swift */; };
		C74BA01120D280130003AF3D /* ListControllerUpdateOperationDelegateFixture.swift in Sources */ = {isa = PBXBuildFile; fileRef = D41F11F320D0074500DFC572 /* ListControllerUpdateOperationDelegateFixture.swift */; };
		C74BA01320D2802D0003AF3D /* Helpers.swift in Sources */ = {isa = PBXBuildFile; fileRef = D41F11EE20D0074500DFC572 /* Helpers.swift */; };
		D42BE89D20CFF47F00A0B0B9 /* TestDataGenerator.swift in Sources */ = {isa = PBXBuildFile; fileRef = D42BE88C20CFF47F00A0B0B9 /* TestDataGenerator.swift */; };
		D42BE89E20CFF47F00A0B0B9 /* Car.swift in Sources */ = {isa = PBXBuildFile; fileRef = D42BE88F20CFF47F00A0B0B9 /* Car.swift */; };
		D42BE89F20CFF47F00A0B0B9 /* CarCollectionCell.swift in Sources */ = {isa = PBXBuildFile; fileRef = D42BE89220CFF47F00A0B0B9 /* CarCollectionCell.swift */; };
		D42BE8A020CFF47F00A0B0B9 /* CarsCollectionController.swift in Sources */ = {isa = PBXBuildFile; fileRef = D42BE89320CFF47F00A0B0B9 /* CarsCollectionController.swift */; };
		D42BE8A120CFF47F00A0B0B9 /* CarsCollectionVC.swift in Sources */ = {isa = PBXBuildFile; fileRef = D42BE89420CFF47F00A0B0B9 /* CarsCollectionVC.swift */; };
		D42BE8A220CFF47F00A0B0B9 /* CarCell.swift in Sources */ = {isa = PBXBuildFile; fileRef = D42BE89620CFF47F00A0B0B9 /* CarCell.swift */; };
		D42BE8A420CFF47F00A0B0B9 /* CarsListVC.swift in Sources */ = {isa = PBXBuildFile; fileRef = D42BE89820CFF47F00A0B0B9 /* CarsListVC.swift */; };
		D42BE8A520CFF47F00A0B0B9 /* CarsTableHeaderFooter.swift in Sources */ = {isa = PBXBuildFile; fileRef = D42BE89920CFF47F00A0B0B9 /* CarsTableHeaderFooter.swift */; };
		D42BE8A620CFF47F00A0B0B9 /* MainVC.swift in Sources */ = {isa = PBXBuildFile; fileRef = D42BE89B20CFF47F00A0B0B9 /* MainVC.swift */; };
		D42BE8A720CFF47F00A0B0B9 /* TitleCell.swift in Sources */ = {isa = PBXBuildFile; fileRef = D42BE89C20CFF47F00A0B0B9 /* TitleCell.swift */; };
/* End PBXBuildFile section */

/* Begin PBXContainerItemProxy section */
		607FACE61AFB9204008FA782 /* PBXContainerItemProxy */ = {
			isa = PBXContainerItemProxy;
			containerPortal = 607FACC81AFB9204008FA782 /* Project object */;
			proxyType = 1;
			remoteGlobalIDString = 607FACCF1AFB9204008FA782;
			remoteInfo = AlisterSwift;
		};
/* End PBXContainerItemProxy section */

/* Begin PBXFileReference section */
		08A1D56231698833B65D0B70 /* Pods-AlisterSwift_Example.release.xcconfig */ = {isa = PBXFileReference; includeInIndex = 1; lastKnownFileType = text.xcconfig; name = "Pods-AlisterSwift_Example.release.xcconfig"; path = "Pods/Target Support Files/Pods-AlisterSwift_Example/Pods-AlisterSwift_Example.release.xcconfig"; sourceTree = "<group>"; };
		3BD3EA2B7F22FF37A6EB1E89 /* AlisterSwift.podspec */ = {isa = PBXFileReference; includeInIndex = 1; lastKnownFileType = text; name = AlisterSwift.podspec; path = ../AlisterSwift.podspec; sourceTree = "<group>"; xcLanguageSpecificationIdentifier = xcode.lang.ruby; };
		607FACD01AFB9204008FA782 /* AlisterSwift_Example.app */ = {isa = PBXFileReference; explicitFileType = wrapper.application; includeInIndex = 0; path = AlisterSwift_Example.app; sourceTree = BUILT_PRODUCTS_DIR; };
		607FACD41AFB9204008FA782 /* Info.plist */ = {isa = PBXFileReference; lastKnownFileType = text.plist.xml; path = Info.plist; sourceTree = "<group>"; };
		607FACD51AFB9204008FA782 /* AppDelegate.swift */ = {isa = PBXFileReference; lastKnownFileType = sourcecode.swift; path = AppDelegate.swift; sourceTree = "<group>"; };
		607FACDC1AFB9204008FA782 /* Images.xcassets */ = {isa = PBXFileReference; lastKnownFileType = folder.assetcatalog; path = Images.xcassets; sourceTree = "<group>"; };
		607FACDF1AFB9204008FA782 /* Base */ = {isa = PBXFileReference; lastKnownFileType = file.xib; name = Base; path = Base.lproj/LaunchScreen.xib; sourceTree = "<group>"; };
		607FACE51AFB9204008FA782 /* AlisterSwift_Tests.xctest */ = {isa = PBXFileReference; explicitFileType = wrapper.cfbundle; includeInIndex = 0; path = AlisterSwift_Tests.xctest; sourceTree = BUILT_PRODUCTS_DIR; };
		607FACEA1AFB9204008FA782 /* Info.plist */ = {isa = PBXFileReference; lastKnownFileType = text.plist.xml; path = Info.plist; sourceTree = "<group>"; };
		954317519E3B06AFE93985FB /* LICENSE */ = {isa = PBXFileReference; includeInIndex = 1; lastKnownFileType = text; name = LICENSE; path = ../LICENSE; sourceTree = "<group>"; };
		A88BDF372E35D2410ECCC29D /* Pods_AlisterSwift_Tests.framework */ = {isa = PBXFileReference; explicitFileType = wrapper.framework; includeInIndex = 0; path = Pods_AlisterSwift_Tests.framework; sourceTree = BUILT_PRODUCTS_DIR; };
		B2A837D8976F594E7C8CFCF4 /* Pods-AlisterSwift_Tests.debug.xcconfig */ = {isa = PBXFileReference; includeInIndex = 1; lastKnownFileType = text.xcconfig; name = "Pods-AlisterSwift_Tests.debug.xcconfig"; path = "Pods/Target Support Files/Pods-AlisterSwift_Tests/Pods-AlisterSwift_Tests.debug.xcconfig"; sourceTree = "<group>"; };
		BC12A472FF590ACAFACB842A /* Pods-AlisterSwift_Tests.release.xcconfig */ = {isa = PBXFileReference; includeInIndex = 1; lastKnownFileType = text.xcconfig; name = "Pods-AlisterSwift_Tests.release.xcconfig"; path = "Pods/Target Support Files/Pods-AlisterSwift_Tests/Pods-AlisterSwift_Tests.release.xcconfig"; sourceTree = "<group>"; };
		CFF7DC81BDF9E339040D9011 /* README.md */ = {isa = PBXFileReference; includeInIndex = 1; lastKnownFileType = net.daringfireball.markdown; name = README.md; path = ../README.md; sourceTree = "<group>"; };
		D41F11ED20D0074500DFC572 /* ListCollectionViewSpec.swift */ = {isa = PBXFileReference; fileEncoding = 4; lastKnownFileType = sourcecode.swift; path = ListCollectionViewSpec.swift; sourceTree = "<group>"; };
		D41F11EE20D0074500DFC572 /* Helpers.swift */ = {isa = PBXFileReference; fileEncoding = 4; lastKnownFileType = sourcecode.swift; path = Helpers.swift; sourceTree = "<group>"; };
		D41F11F120D0074500DFC572 /* SearchManagerSpec.swift */ = {isa = PBXFileReference; fileEncoding = 4; lastKnownFileType = sourcecode.swift; path = SearchManagerSpec.swift; sourceTree = "<group>"; };
		D41F11F320D0074500DFC572 /* ListControllerUpdateOperationDelegateFixture.swift */ = {isa = PBXFileReference; fileEncoding = 4; lastKnownFileType = sourcecode.swift; path = ListControllerUpdateOperationDelegateFixture.swift; sourceTree = "<group>"; };
		D41F11F420D0074500DFC572 /* ListControllerUpdateOperationSpec.swift */ = {isa = PBXFileReference; fileEncoding = 4; lastKnownFileType = sourcecode.swift; path = ListControllerUpdateOperationSpec.swift; sourceTree = "<group>"; };
		D41F11F620D0074500DFC572 /* ListControllerReloadOperationSpec.swift */ = {isa = PBXFileReference; fileEncoding = 4; lastKnownFileType = sourcecode.swift; path = ListControllerReloadOperationSpec.swift; sourceTree = "<group>"; };
		D41F11F820D0074500DFC572 /* StorageLoaderSpec.swift */ = {isa = PBXFileReference; fileEncoding = 4; lastKnownFileType = sourcecode.swift; path = StorageLoaderSpec.swift; sourceTree = "<group>"; };
		D41F11F920D0074500DFC572 /* StorageRemoverSpec.swift */ = {isa = PBXFileReference; fileEncoding = 4; lastKnownFileType = sourcecode.swift; path = StorageRemoverSpec.swift; sourceTree = "<group>"; };
		D41F11FA20D0074500DFC572 /* StorageSpec.swift */ = {isa = PBXFileReference; fileEncoding = 4; lastKnownFileType = sourcecode.swift; path = StorageSpec.swift; sourceTree = "<group>"; };
		D41F11FB20D0074500DFC572 /* StorageUpdaterSpec.swift */ = {isa = PBXFileReference; fileEncoding = 4; lastKnownFileType = sourcecode.swift; path = StorageUpdaterSpec.swift; sourceTree = "<group>"; };
		D41F11FC20D0074500DFC572 /* ListTableViewSpec.swift */ = {isa = PBXFileReference; fileEncoding = 4; lastKnownFileType = sourcecode.swift; path = ListTableViewSpec.swift; sourceTree = "<group>"; };
		D41F11FE20D0074500DFC572 /* ListControllerMappingServiceSpec.swift */ = {isa = PBXFileReference; fileEncoding = 4; lastKnownFileType = sourcecode.swift; path = ListControllerMappingServiceSpec.swift; sourceTree = "<group>"; };
		D42BE88C20CFF47F00A0B0B9 /* TestDataGenerator.swift */ = {isa = PBXFileReference; fileEncoding = 4; lastKnownFileType = sourcecode.swift; path = TestDataGenerator.swift; sourceTree = "<group>"; };
		D42BE88F20CFF47F00A0B0B9 /* Car.swift */ = {isa = PBXFileReference; fileEncoding = 4; lastKnownFileType = sourcecode.swift; path = Car.swift; sourceTree = "<group>"; };
		D42BE89220CFF47F00A0B0B9 /* CarCollectionCell.swift */ = {isa = PBXFileReference; fileEncoding = 4; lastKnownFileType = sourcecode.swift; path = CarCollectionCell.swift; sourceTree = "<group>"; };
		D42BE89320CFF47F00A0B0B9 /* CarsCollectionController.swift */ = {isa = PBXFileReference; fileEncoding = 4; lastKnownFileType = sourcecode.swift; path = CarsCollectionController.swift; sourceTree = "<group>"; };
		D42BE89420CFF47F00A0B0B9 /* CarsCollectionVC.swift */ = {isa = PBXFileReference; fileEncoding = 4; lastKnownFileType = sourcecode.swift; path = CarsCollectionVC.swift; sourceTree = "<group>"; };
		D42BE89620CFF47F00A0B0B9 /* CarCell.swift */ = {isa = PBXFileReference; fileEncoding = 4; lastKnownFileType = sourcecode.swift; path = CarCell.swift; sourceTree = "<group>"; };
		D42BE89820CFF47F00A0B0B9 /* CarsListVC.swift */ = {isa = PBXFileReference; fileEncoding = 4; lastKnownFileType = sourcecode.swift; path = CarsListVC.swift; sourceTree = "<group>"; };
		D42BE89920CFF47F00A0B0B9 /* CarsTableHeaderFooter.swift */ = {isa = PBXFileReference; fileEncoding = 4; lastKnownFileType = sourcecode.swift; path = CarsTableHeaderFooter.swift; sourceTree = "<group>"; };
		D42BE89B20CFF47F00A0B0B9 /* MainVC.swift */ = {isa = PBXFileReference; fileEncoding = 4; lastKnownFileType = sourcecode.swift; path = MainVC.swift; sourceTree = "<group>"; };
		D42BE89C20CFF47F00A0B0B9 /* TitleCell.swift */ = {isa = PBXFileReference; fileEncoding = 4; lastKnownFileType = sourcecode.swift; path = TitleCell.swift; sourceTree = "<group>"; };
		EE702A34953809D4A9244664 /* Pods-AlisterSwift_Example.debug.xcconfig */ = {isa = PBXFileReference; includeInIndex = 1; lastKnownFileType = text.xcconfig; name = "Pods-AlisterSwift_Example.debug.xcconfig"; path = "Pods/Target Support Files/Pods-AlisterSwift_Example/Pods-AlisterSwift_Example.debug.xcconfig"; sourceTree = "<group>"; };
		EF9B709AFE6E0E81A30D6A2C /* Pods_AlisterSwift_Example.framework */ = {isa = PBXFileReference; explicitFileType = wrapper.framework; includeInIndex = 0; path = Pods_AlisterSwift_Example.framework; sourceTree = BUILT_PRODUCTS_DIR; };
/* End PBXFileReference section */

/* Begin PBXFrameworksBuildPhase section */
		607FACCD1AFB9204008FA782 /* Frameworks */ = {
			isa = PBXFrameworksBuildPhase;
			buildActionMask = 2147483647;
			files = (
				BC8DFD74654D388CE3B86173 /* Pods_AlisterSwift_Example.framework in Frameworks */,
			);
			runOnlyForDeploymentPostprocessing = 0;
		};
		607FACE21AFB9204008FA782 /* Frameworks */ = {
			isa = PBXFrameworksBuildPhase;
			buildActionMask = 2147483647;
			files = (
				18CAAA086785F2C584BDE5C3 /* Pods_AlisterSwift_Tests.framework in Frameworks */,
			);
			runOnlyForDeploymentPostprocessing = 0;
		};
/* End PBXFrameworksBuildPhase section */

/* Begin PBXGroup section */
		607FACC71AFB9204008FA782 = {
			isa = PBXGroup;
			children = (
				607FACF51AFB993E008FA782 /* Podspec Metadata */,
				607FACD21AFB9204008FA782 /* Example for AlisterSwift */,
				607FACE81AFB9204008FA782 /* Tests */,
				607FACD11AFB9204008FA782 /* Products */,
				89298C1232F8C4AF1B71823B /* Pods */,
				81632F77C2D7C8C7A41A6F3C /* Frameworks */,
			);
			sourceTree = "<group>";
		};
		607FACD11AFB9204008FA782 /* Products */ = {
			isa = PBXGroup;
			children = (
				607FACD01AFB9204008FA782 /* AlisterSwift_Example.app */,
				607FACE51AFB9204008FA782 /* AlisterSwift_Tests.xctest */,
			);
			name = Products;
			sourceTree = "<group>";
		};
		607FACD21AFB9204008FA782 /* Example for AlisterSwift */ = {
			isa = PBXGroup;
			children = (
				D42BE88B20CFF47F00A0B0B9 /* Helpers */,
				D42BE88D20CFF47F00A0B0B9 /* Library */,
				D42BE89020CFF47F00A0B0B9 /* UserStory */,
				607FACD51AFB9204008FA782 /* AppDelegate.swift */,
				607FACDC1AFB9204008FA782 /* Images.xcassets */,
				607FACDE1AFB9204008FA782 /* LaunchScreen.xib */,
				607FACD31AFB9204008FA782 /* Supporting Files */,
			);
			name = "Example for AlisterSwift";
			path = AlisterSwift;
			sourceTree = "<group>";
		};
		607FACD31AFB9204008FA782 /* Supporting Files */ = {
			isa = PBXGroup;
			children = (
				607FACD41AFB9204008FA782 /* Info.plist */,
			);
			name = "Supporting Files";
			sourceTree = "<group>";
		};
		607FACE81AFB9204008FA782 /* Tests */ = {
			isa = PBXGroup;
			children = (
				D41F11EE20D0074500DFC572 /* Helpers.swift */,
				D41F11FD20D0074500DFC572 /* List */,
				D41F11F720D0074500DFC572 /* Storage */,
				607FACE91AFB9204008FA782 /* Supporting Files */,
			);
			path = Tests;
			sourceTree = "<group>";
		};
		607FACE91AFB9204008FA782 /* Supporting Files */ = {
			isa = PBXGroup;
			children = (
				607FACEA1AFB9204008FA782 /* Info.plist */,
			);
			name = "Supporting Files";
			sourceTree = "<group>";
		};
		607FACF51AFB993E008FA782 /* Podspec Metadata */ = {
			isa = PBXGroup;
			children = (
				3BD3EA2B7F22FF37A6EB1E89 /* AlisterSwift.podspec */,
				CFF7DC81BDF9E339040D9011 /* README.md */,
				954317519E3B06AFE93985FB /* LICENSE */,
			);
			name = "Podspec Metadata";
			sourceTree = "<group>";
		};
		81632F77C2D7C8C7A41A6F3C /* Frameworks */ = {
			isa = PBXGroup;
			children = (
				EF9B709AFE6E0E81A30D6A2C /* Pods_AlisterSwift_Example.framework */,
				A88BDF372E35D2410ECCC29D /* Pods_AlisterSwift_Tests.framework */,
			);
			name = Frameworks;
			sourceTree = "<group>";
		};
		89298C1232F8C4AF1B71823B /* Pods */ = {
			isa = PBXGroup;
			children = (
				EE702A34953809D4A9244664 /* Pods-AlisterSwift_Example.debug.xcconfig */,
				08A1D56231698833B65D0B70 /* Pods-AlisterSwift_Example.release.xcconfig */,
				B2A837D8976F594E7C8CFCF4 /* Pods-AlisterSwift_Tests.debug.xcconfig */,
				BC12A472FF590ACAFACB842A /* Pods-AlisterSwift_Tests.release.xcconfig */,
			);
			name = Pods;
			sourceTree = "<group>";
		};
		D41F11F720D0074500DFC572 /* Storage */ = {
			isa = PBXGroup;
			children = (
				D41F11F120D0074500DFC572 /* SearchManagerSpec.swift */,
				D41F11F820D0074500DFC572 /* StorageLoaderSpec.swift */,
				D41F11F920D0074500DFC572 /* StorageRemoverSpec.swift */,
				D41F11FA20D0074500DFC572 /* StorageSpec.swift */,
				D41F11FB20D0074500DFC572 /* StorageUpdaterSpec.swift */,
			);
			path = Storage;
			sourceTree = "<group>";
		};
		D41F11FD20D0074500DFC572 /* List */ = {
			isa = PBXGroup;
			children = (
				D41F11ED20D0074500DFC572 /* ListCollectionViewSpec.swift */,
				D41F11FC20D0074500DFC572 /* ListTableViewSpec.swift */,
				D41F11FE20D0074500DFC572 /* ListControllerMappingServiceSpec.swift */,
				D41F11F620D0074500DFC572 /* ListControllerReloadOperationSpec.swift */,
				D41F11F320D0074500DFC572 /* ListControllerUpdateOperationDelegateFixture.swift */,
				D41F11F420D0074500DFC572 /* ListControllerUpdateOperationSpec.swift */,
			);
			path = List;
			sourceTree = "<group>";
		};
		D42BE88B20CFF47F00A0B0B9 /* Helpers */ = {
			isa = PBXGroup;
			children = (
				D42BE88C20CFF47F00A0B0B9 /* TestDataGenerator.swift */,
			);
			path = Helpers;
			sourceTree = "<group>";
		};
		D42BE88D20CFF47F00A0B0B9 /* Library */ = {
			isa = PBXGroup;
			children = (
				D42BE88E20CFF47F00A0B0B9 /* Domain Models */,
			);
			path = Library;
			sourceTree = "<group>";
		};
		D42BE88E20CFF47F00A0B0B9 /* Domain Models */ = {
			isa = PBXGroup;
			children = (
				D42BE88F20CFF47F00A0B0B9 /* Car.swift */,
			);
			path = "Domain Models";
			sourceTree = "<group>";
		};
		D42BE89020CFF47F00A0B0B9 /* UserStory */ = {
			isa = PBXGroup;
			children = (
				D42BE89120CFF47F00A0B0B9 /* Cars Collection */,
				D42BE89520CFF47F00A0B0B9 /* Cars List */,
				D42BE89A20CFF47F00A0B0B9 /* Main */,
			);
			path = UserStory;
			sourceTree = "<group>";
		};
		D42BE89120CFF47F00A0B0B9 /* Cars Collection */ = {
			isa = PBXGroup;
			children = (
				D42BE89220CFF47F00A0B0B9 /* CarCollectionCell.swift */,
				D42BE89320CFF47F00A0B0B9 /* CarsCollectionController.swift */,
				D42BE89420CFF47F00A0B0B9 /* CarsCollectionVC.swift */,
			);
			path = "Cars Collection";
			sourceTree = "<group>";
		};
		D42BE89520CFF47F00A0B0B9 /* Cars List */ = {
			isa = PBXGroup;
			children = (
				D42BE89620CFF47F00A0B0B9 /* CarCell.swift */,
				D42BE89820CFF47F00A0B0B9 /* CarsListVC.swift */,
				D42BE89920CFF47F00A0B0B9 /* CarsTableHeaderFooter.swift */,
			);
			path = "Cars List";
			sourceTree = "<group>";
		};
		D42BE89A20CFF47F00A0B0B9 /* Main */ = {
			isa = PBXGroup;
			children = (
				D42BE89B20CFF47F00A0B0B9 /* MainVC.swift */,
				D42BE89C20CFF47F00A0B0B9 /* TitleCell.swift */,
			);
			path = Main;
			sourceTree = "<group>";
		};
/* End PBXGroup section */

/* Begin PBXNativeTarget section */
		607FACCF1AFB9204008FA782 /* AlisterSwift_Example */ = {
			isa = PBXNativeTarget;
			buildConfigurationList = 607FACEF1AFB9204008FA782 /* Build configuration list for PBXNativeTarget "AlisterSwift_Example" */;
			buildPhases = (
				F08B64CA82B0E9B7076F83CD /* [CP] Check Pods Manifest.lock */,
				607FACCC1AFB9204008FA782 /* Sources */,
				607FACCD1AFB9204008FA782 /* Frameworks */,
				607FACCE1AFB9204008FA782 /* Resources */,
				8DD483DBF8F4AC47ED287324 /* [CP] Embed Pods Frameworks */,
				C731D41020D28A50009BA3F6 /* SwiftLint */,
			);
			buildRules = (
			);
			dependencies = (
			);
			name = AlisterSwift_Example;
			productName = AlisterSwift;
			productReference = 607FACD01AFB9204008FA782 /* AlisterSwift_Example.app */;
			productType = "com.apple.product-type.application";
		};
		607FACE41AFB9204008FA782 /* AlisterSwift_Tests */ = {
			isa = PBXNativeTarget;
			buildConfigurationList = 607FACF21AFB9204008FA782 /* Build configuration list for PBXNativeTarget "AlisterSwift_Tests" */;
			buildPhases = (
				179CCB410187C53150D42DEE /* [CP] Check Pods Manifest.lock */,
				607FACE11AFB9204008FA782 /* Sources */,
				607FACE21AFB9204008FA782 /* Frameworks */,
				607FACE31AFB9204008FA782 /* Resources */,
				560DE6386DDB636E1CA3FD43 /* [CP] Embed Pods Frameworks */,
			);
			buildRules = (
			);
			dependencies = (
				607FACE71AFB9204008FA782 /* PBXTargetDependency */,
			);
			name = AlisterSwift_Tests;
			productName = Tests;
			productReference = 607FACE51AFB9204008FA782 /* AlisterSwift_Tests.xctest */;
			productType = "com.apple.product-type.bundle.unit-test";
		};
/* End PBXNativeTarget section */

/* Begin PBXProject section */
		607FACC81AFB9204008FA782 /* Project object */ = {
			isa = PBXProject;
			attributes = {
				LastSwiftUpdateCheck = 0830;
				LastUpgradeCheck = 0940;
				ORGANIZATIONNAME = CocoaPods;
				TargetAttributes = {
					607FACCF1AFB9204008FA782 = {
						CreatedOnToolsVersion = 6.3.1;
						DevelopmentTeam = 7VYW9J77NX;
						LastSwiftMigration = 0900;
					};
					607FACE41AFB9204008FA782 = {
						CreatedOnToolsVersion = 6.3.1;
						DevelopmentTeam = 7VYW9J77NX;
						LastSwiftMigration = 0900;
						TestTargetID = 607FACCF1AFB9204008FA782;
					};
				};
			};
			buildConfigurationList = 607FACCB1AFB9204008FA782 /* Build configuration list for PBXProject "AlisterSwift" */;
			compatibilityVersion = "Xcode 3.2";
			developmentRegion = English;
			hasScannedForEncodings = 0;
			knownRegions = (
				en,
				Base,
			);
			mainGroup = 607FACC71AFB9204008FA782;
			productRefGroup = 607FACD11AFB9204008FA782 /* Products */;
			projectDirPath = "";
			projectRoot = "";
			targets = (
				607FACCF1AFB9204008FA782 /* AlisterSwift_Example */,
				607FACE41AFB9204008FA782 /* AlisterSwift_Tests */,
			);
		};
/* End PBXProject section */

/* Begin PBXResourcesBuildPhase section */
		607FACCE1AFB9204008FA782 /* Resources */ = {
			isa = PBXResourcesBuildPhase;
			buildActionMask = 2147483647;
			files = (
				607FACE01AFB9204008FA782 /* LaunchScreen.xib in Resources */,
				607FACDD1AFB9204008FA782 /* Images.xcassets in Resources */,
			);
			runOnlyForDeploymentPostprocessing = 0;
		};
		607FACE31AFB9204008FA782 /* Resources */ = {
			isa = PBXResourcesBuildPhase;
			buildActionMask = 2147483647;
			files = (
			);
			runOnlyForDeploymentPostprocessing = 0;
		};
/* End PBXResourcesBuildPhase section */

/* Begin PBXShellScriptBuildPhase section */
		179CCB410187C53150D42DEE /* [CP] Check Pods Manifest.lock */ = {
			isa = PBXShellScriptBuildPhase;
			buildActionMask = 2147483647;
			files = (
			);
			inputPaths = (
				"${PODS_PODFILE_DIR_PATH}/Podfile.lock",
				"${PODS_ROOT}/Manifest.lock",
			);
			name = "[CP] Check Pods Manifest.lock";
			outputPaths = (
				"$(DERIVED_FILE_DIR)/Pods-AlisterSwift_Tests-checkManifestLockResult.txt",
			);
			runOnlyForDeploymentPostprocessing = 0;
			shellPath = /bin/sh;
			shellScript = "diff \"${PODS_PODFILE_DIR_PATH}/Podfile.lock\" \"${PODS_ROOT}/Manifest.lock\" > /dev/null\nif [ $? != 0 ] ; then\n    # print error to STDERR\n    echo \"error: The sandbox is not in sync with the Podfile.lock. Run 'pod install' or update your CocoaPods installation.\" >&2\n    exit 1\nfi\n# This output is used by Xcode 'outputs' to avoid re-running this script phase.\necho \"SUCCESS\" > \"${SCRIPT_OUTPUT_FILE_0}\"\n";
			showEnvVarsInLog = 0;
		};
		560DE6386DDB636E1CA3FD43 /* [CP] Embed Pods Frameworks */ = {
			isa = PBXShellScriptBuildPhase;
			buildActionMask = 2147483647;
			files = (
			);
			inputPaths = (
				"${SRCROOT}/Pods/Target Support Files/Pods-AlisterSwift_Tests/Pods-AlisterSwift_Tests-frameworks.sh",
				"${BUILT_PRODUCTS_DIR}/Nimble/Nimble.framework",
				"${BUILT_PRODUCTS_DIR}/Quick/Quick.framework",
			);
			name = "[CP] Embed Pods Frameworks";
			outputPaths = (
				"${TARGET_BUILD_DIR}/${FRAMEWORKS_FOLDER_PATH}/Nimble.framework",
				"${TARGET_BUILD_DIR}/${FRAMEWORKS_FOLDER_PATH}/Quick.framework",
			);
			runOnlyForDeploymentPostprocessing = 0;
			shellPath = /bin/sh;
			shellScript = "\"${SRCROOT}/Pods/Target Support Files/Pods-AlisterSwift_Tests/Pods-AlisterSwift_Tests-frameworks.sh\"\n";
			showEnvVarsInLog = 0;
		};
		8DD483DBF8F4AC47ED287324 /* [CP] Embed Pods Frameworks */ = {
			isa = PBXShellScriptBuildPhase;
			buildActionMask = 2147483647;
			files = (
			);
			inputPaths = (
				"${SRCROOT}/Pods/Target Support Files/Pods-AlisterSwift_Example/Pods-AlisterSwift_Example-frameworks.sh",
				"${BUILT_PRODUCTS_DIR}/AlisterSwift/AlisterSwift.framework",
				"${BUILT_PRODUCTS_DIR}/SnapKit/SnapKit.framework",
			);
			name = "[CP] Embed Pods Frameworks";
			outputPaths = (
				"${TARGET_BUILD_DIR}/${FRAMEWORKS_FOLDER_PATH}/AlisterSwift.framework",
				"${TARGET_BUILD_DIR}/${FRAMEWORKS_FOLDER_PATH}/SnapKit.framework",
			);
			runOnlyForDeploymentPostprocessing = 0;
			shellPath = /bin/sh;
			shellScript = "\"${SRCROOT}/Pods/Target Support Files/Pods-AlisterSwift_Example/Pods-AlisterSwift_Example-frameworks.sh\"\n";
			showEnvVarsInLog = 0;
		};
		C731D41020D28A50009BA3F6 /* SwiftLint */ = {
			isa = PBXShellScriptBuildPhase;
			buildActionMask = 2147483647;
			files = (
			);
			inputPaths = (
			);
			name = SwiftLint;
			outputPaths = (
			);
			runOnlyForDeploymentPostprocessing = 0;
			shellPath = /bin/sh;
			shellScript = "\"${PODS_ROOT}/SwiftLint/swiftlint\" --config \"${SRCROOT}/../.swiftlint.yml\"";
		};
		F08B64CA82B0E9B7076F83CD /* [CP] Check Pods Manifest.lock */ = {
			isa = PBXShellScriptBuildPhase;
			buildActionMask = 2147483647;
			files = (
			);
			inputPaths = (
				"${PODS_PODFILE_DIR_PATH}/Podfile.lock",
				"${PODS_ROOT}/Manifest.lock",
			);
			name = "[CP] Check Pods Manifest.lock";
			outputPaths = (
				"$(DERIVED_FILE_DIR)/Pods-AlisterSwift_Example-checkManifestLockResult.txt",
			);
			runOnlyForDeploymentPostprocessing = 0;
			shellPath = /bin/sh;
			shellScript = "diff \"${PODS_PODFILE_DIR_PATH}/Podfile.lock\" \"${PODS_ROOT}/Manifest.lock\" > /dev/null\nif [ $? != 0 ] ; then\n    # print error to STDERR\n    echo \"error: The sandbox is not in sync with the Podfile.lock. Run 'pod install' or update your CocoaPods installation.\" >&2\n    exit 1\nfi\n# This output is used by Xcode 'outputs' to avoid re-running this script phase.\necho \"SUCCESS\" > \"${SCRIPT_OUTPUT_FILE_0}\"\n";
			showEnvVarsInLog = 0;
		};
/* End PBXShellScriptBuildPhase section */

/* Begin PBXSourcesBuildPhase section */
		607FACCC1AFB9204008FA782 /* Sources */ = {
			isa = PBXSourcesBuildPhase;
			buildActionMask = 2147483647;
			files = (
				D42BE8A720CFF47F00A0B0B9 /* TitleCell.swift in Sources */,
				D42BE8A020CFF47F00A0B0B9 /* CarsCollectionController.swift in Sources */,
				D42BE89F20CFF47F00A0B0B9 /* CarCollectionCell.swift in Sources */,
				607FACD61AFB9204008FA782 /* AppDelegate.swift in Sources */,
				D42BE8A120CFF47F00A0B0B9 /* CarsCollectionVC.swift in Sources */,
				D42BE8A620CFF47F00A0B0B9 /* MainVC.swift in Sources */,
				D42BE8A520CFF47F00A0B0B9 /* CarsTableHeaderFooter.swift in Sources */,
				D42BE8A420CFF47F00A0B0B9 /* CarsListVC.swift in Sources */,
				D42BE89D20CFF47F00A0B0B9 /* TestDataGenerator.swift in Sources */,
				D42BE8A220CFF47F00A0B0B9 /* CarCell.swift in Sources */,
				D42BE89E20CFF47F00A0B0B9 /* Car.swift in Sources */,
			);
			runOnlyForDeploymentPostprocessing = 0;
		};
		607FACE11AFB9204008FA782 /* Sources */ = {
			isa = PBXSourcesBuildPhase;
			buildActionMask = 2147483647;
			files = (
				C74BA00F20D27F7D0003AF3D /* StorageSpec.swift in Sources */,
				C74BA00D20D27F7D0003AF3D /* StorageLoaderSpec.swift in Sources */,
				C74BA01020D27F7D0003AF3D /* StorageUpdaterSpec.swift in Sources */,
				C74BA00C20D27F7D0003AF3D /* SearchManagerSpec.swift in Sources */,
				C74BA00820D27F7D0003AF3D /* ListTableViewSpec.swift in Sources */,
				C74BA00E20D27F7D0003AF3D /* StorageRemoverSpec.swift in Sources */,
				C74BA00A20D27F7D0003AF3D /* ListControllerReloadOperationSpec.swift in Sources */,
				C74BA01320D2802D0003AF3D /* Helpers.swift in Sources */,
				C74BA00B20D27F7D0003AF3D /* ListControllerUpdateOperationSpec.swift in Sources */,
				C74BA00920D27F7D0003AF3D /* ListControllerMappingServiceSpec.swift in Sources */,
				C74BA00720D27F7D0003AF3D /* ListCollectionViewSpec.swift in Sources */,
				C74BA01120D280130003AF3D /* ListControllerUpdateOperationDelegateFixture.swift in Sources */,
			);
			runOnlyForDeploymentPostprocessing = 0;
		};
/* End PBXSourcesBuildPhase section */

/* Begin PBXTargetDependency section */
		607FACE71AFB9204008FA782 /* PBXTargetDependency */ = {
			isa = PBXTargetDependency;
			target = 607FACCF1AFB9204008FA782 /* AlisterSwift_Example */;
			targetProxy = 607FACE61AFB9204008FA782 /* PBXContainerItemProxy */;
		};
/* End PBXTargetDependency section */

/* Begin PBXVariantGroup section */
		607FACDE1AFB9204008FA782 /* LaunchScreen.xib */ = {
			isa = PBXVariantGroup;
			children = (
				607FACDF1AFB9204008FA782 /* Base */,
			);
			name = LaunchScreen.xib;
			sourceTree = "<group>";
		};
/* End PBXVariantGroup section */

/* Begin XCBuildConfiguration section */
		607FACED1AFB9204008FA782 /* Debug */ = {
			isa = XCBuildConfiguration;
			buildSettings = {
				ALWAYS_SEARCH_USER_PATHS = NO;
				CLANG_CXX_LANGUAGE_STANDARD = "gnu++0x";
				CLANG_CXX_LIBRARY = "libc++";
				CLANG_ENABLE_MODULES = YES;
				CLANG_ENABLE_OBJC_ARC = YES;
				CLANG_WARN_BLOCK_CAPTURE_AUTORELEASING = YES;
				CLANG_WARN_BOOL_CONVERSION = YES;
				CLANG_WARN_COMMA = YES;
				CLANG_WARN_CONSTANT_CONVERSION = YES;
				CLANG_WARN_DEPRECATED_OBJC_IMPLEMENTATIONS = YES;
				CLANG_WARN_DIRECT_OBJC_ISA_USAGE = YES_ERROR;
				CLANG_WARN_EMPTY_BODY = YES;
				CLANG_WARN_ENUM_CONVERSION = YES;
				CLANG_WARN_INFINITE_RECURSION = YES;
				CLANG_WARN_INT_CONVERSION = YES;
				CLANG_WARN_NON_LITERAL_NULL_CONVERSION = YES;
				CLANG_WARN_OBJC_IMPLICIT_RETAIN_SELF = YES;
				CLANG_WARN_OBJC_LITERAL_CONVERSION = YES;
				CLANG_WARN_OBJC_ROOT_CLASS = YES_ERROR;
				CLANG_WARN_RANGE_LOOP_ANALYSIS = YES;
				CLANG_WARN_STRICT_PROTOTYPES = YES;
				CLANG_WARN_SUSPICIOUS_MOVE = YES;
				CLANG_WARN_UNREACHABLE_CODE = YES;
				CLANG_WARN__DUPLICATE_METHOD_MATCH = YES;
				"CODE_SIGN_IDENTITY[sdk=iphoneos*]" = "iPhone Developer";
				COPY_PHASE_STRIP = NO;
				DEBUG_INFORMATION_FORMAT = "dwarf-with-dsym";
				ENABLE_STRICT_OBJC_MSGSEND = YES;
				ENABLE_TESTABILITY = YES;
				GCC_C_LANGUAGE_STANDARD = gnu99;
				GCC_DYNAMIC_NO_PIC = NO;
				GCC_NO_COMMON_BLOCKS = YES;
				GCC_OPTIMIZATION_LEVEL = 0;
				GCC_PREPROCESSOR_DEFINITIONS = (
					"DEBUG=1",
					"$(inherited)",
				);
				GCC_SYMBOLS_PRIVATE_EXTERN = NO;
				GCC_WARN_64_TO_32_BIT_CONVERSION = YES;
				GCC_WARN_ABOUT_RETURN_TYPE = YES_ERROR;
				GCC_WARN_UNDECLARED_SELECTOR = YES;
				GCC_WARN_UNINITIALIZED_AUTOS = YES_AGGRESSIVE;
				GCC_WARN_UNUSED_FUNCTION = YES;
				GCC_WARN_UNUSED_VARIABLE = YES;
				IPHONEOS_DEPLOYMENT_TARGET = 10.0;
				MTL_ENABLE_DEBUG_INFO = YES;
				ONLY_ACTIVE_ARCH = YES;
				SDKROOT = iphoneos;
				SWIFT_OPTIMIZATION_LEVEL = "-Onone";
			};
			name = Debug;
		};
		607FACEE1AFB9204008FA782 /* Release */ = {
			isa = XCBuildConfiguration;
			buildSettings = {
				ALWAYS_SEARCH_USER_PATHS = NO;
				CLANG_CXX_LANGUAGE_STANDARD = "gnu++0x";
				CLANG_CXX_LIBRARY = "libc++";
				CLANG_ENABLE_MODULES = YES;
				CLANG_ENABLE_OBJC_ARC = YES;
				CLANG_WARN_BLOCK_CAPTURE_AUTORELEASING = YES;
				CLANG_WARN_BOOL_CONVERSION = YES;
				CLANG_WARN_COMMA = YES;
				CLANG_WARN_CONSTANT_CONVERSION = YES;
				CLANG_WARN_DEPRECATED_OBJC_IMPLEMENTATIONS = YES;
				CLANG_WARN_DIRECT_OBJC_ISA_USAGE = YES_ERROR;
				CLANG_WARN_EMPTY_BODY = YES;
				CLANG_WARN_ENUM_CONVERSION = YES;
				CLANG_WARN_INFINITE_RECURSION = YES;
				CLANG_WARN_INT_CONVERSION = YES;
				CLANG_WARN_NON_LITERAL_NULL_CONVERSION = YES;
				CLANG_WARN_OBJC_IMPLICIT_RETAIN_SELF = YES;
				CLANG_WARN_OBJC_LITERAL_CONVERSION = YES;
				CLANG_WARN_OBJC_ROOT_CLASS = YES_ERROR;
				CLANG_WARN_RANGE_LOOP_ANALYSIS = YES;
				CLANG_WARN_STRICT_PROTOTYPES = YES;
				CLANG_WARN_SUSPICIOUS_MOVE = YES;
				CLANG_WARN_UNREACHABLE_CODE = YES;
				CLANG_WARN__DUPLICATE_METHOD_MATCH = YES;
				"CODE_SIGN_IDENTITY[sdk=iphoneos*]" = "iPhone Developer";
				COPY_PHASE_STRIP = NO;
				DEBUG_INFORMATION_FORMAT = "dwarf-with-dsym";
				ENABLE_NS_ASSERTIONS = NO;
				ENABLE_STRICT_OBJC_MSGSEND = YES;
				GCC_C_LANGUAGE_STANDARD = gnu99;
				GCC_NO_COMMON_BLOCKS = YES;
				GCC_WARN_64_TO_32_BIT_CONVERSION = YES;
				GCC_WARN_ABOUT_RETURN_TYPE = YES_ERROR;
				GCC_WARN_UNDECLARED_SELECTOR = YES;
				GCC_WARN_UNINITIALIZED_AUTOS = YES_AGGRESSIVE;
				GCC_WARN_UNUSED_FUNCTION = YES;
				GCC_WARN_UNUSED_VARIABLE = YES;
				IPHONEOS_DEPLOYMENT_TARGET = 10.0;
				MTL_ENABLE_DEBUG_INFO = NO;
				SDKROOT = iphoneos;
				SWIFT_OPTIMIZATION_LEVEL = "-Owholemodule";
				VALIDATE_PRODUCT = YES;
			};
			name = Release;
		};
		607FACF01AFB9204008FA782 /* Debug */ = {
			isa = XCBuildConfiguration;
			baseConfigurationReference = EE702A34953809D4A9244664 /* Pods-AlisterSwift_Example.debug.xcconfig */;
			buildSettings = {
				ASSETCATALOG_COMPILER_APPICON_NAME = AppIcon;
				DEVELOPMENT_TEAM = 7VYW9J77NX;
				INFOPLIST_FILE = AlisterSwift/Info.plist;
				LD_RUNPATH_SEARCH_PATHS = "$(inherited) @executable_path/Frameworks";
				MODULE_NAME = ExampleApp;
				PRODUCT_BUNDLE_IDENTIFIER = "org.cocoapods.demo.$(PRODUCT_NAME:rfc1034identifier)";
				PRODUCT_NAME = "$(TARGET_NAME)";
				SWIFT_SWIFT3_OBJC_INFERENCE = Default;
				SWIFT_VERSION = 4.0;
			};
			name = Debug;
		};
		607FACF11AFB9204008FA782 /* Release */ = {
			isa = XCBuildConfiguration;
			baseConfigurationReference = 08A1D56231698833B65D0B70 /* Pods-AlisterSwift_Example.release.xcconfig */;
			buildSettings = {
				ASSETCATALOG_COMPILER_APPICON_NAME = AppIcon;
				DEVELOPMENT_TEAM = 7VYW9J77NX;
				INFOPLIST_FILE = AlisterSwift/Info.plist;
				LD_RUNPATH_SEARCH_PATHS = "$(inherited) @executable_path/Frameworks";
				MODULE_NAME = ExampleApp;
				PRODUCT_BUNDLE_IDENTIFIER = "org.cocoapods.demo.$(PRODUCT_NAME:rfc1034identifier)";
				PRODUCT_NAME = "$(TARGET_NAME)";
				SWIFT_SWIFT3_OBJC_INFERENCE = Default;
				SWIFT_VERSION = 4.0;
			};
			name = Release;
		};
		607FACF31AFB9204008FA782 /* Debug */ = {
			isa = XCBuildConfiguration;
			baseConfigurationReference = B2A837D8976F594E7C8CFCF4 /* Pods-AlisterSwift_Tests.debug.xcconfig */;
			buildSettings = {
				DEVELOPMENT_TEAM = 7VYW9J77NX;
				FRAMEWORK_SEARCH_PATHS = (
					"$(SDKROOT)/Developer/Library/Frameworks",
					"$(inherited)",
				);
				GCC_PREPROCESSOR_DEFINITIONS = (
					"DEBUG=1",
					"$(inherited)",
				);
				INFOPLIST_FILE = Tests/Info.plist;
				LD_RUNPATH_SEARCH_PATHS = "$(inherited) @executable_path/Frameworks @loader_path/Frameworks";
				PRODUCT_BUNDLE_IDENTIFIER = "org.cocoapods.$(PRODUCT_NAME:rfc1034identifier)";
				PRODUCT_NAME = "$(TARGET_NAME)";
				SWIFT_SWIFT3_OBJC_INFERENCE = Default;
				SWIFT_VERSION = 4.0;
				TEST_HOST = "$(BUILT_PRODUCTS_DIR)/AlisterSwift_Example.app/AlisterSwift_Example";
			};
			name = Debug;
		};
		607FACF41AFB9204008FA782 /* Release */ = {
			isa = XCBuildConfiguration;
			baseConfigurationReference = BC12A472FF590ACAFACB842A /* Pods-AlisterSwift_Tests.release.xcconfig */;
			buildSettings = {
				DEVELOPMENT_TEAM = 7VYW9J77NX;
				FRAMEWORK_SEARCH_PATHS = (
					"$(SDKROOT)/Developer/Library/Frameworks",
					"$(inherited)",
				);
				INFOPLIST_FILE = Tests/Info.plist;
				LD_RUNPATH_SEARCH_PATHS = "$(inherited) @executable_path/Frameworks @loader_path/Frameworks";
				PRODUCT_BUNDLE_IDENTIFIER = "org.cocoapods.$(PRODUCT_NAME:rfc1034identifier)";
				PRODUCT_NAME = "$(TARGET_NAME)";
				SWIFT_SWIFT3_OBJC_INFERENCE = Default;
				SWIFT_VERSION = 4.0;
				TEST_HOST = "$(BUILT_PRODUCTS_DIR)/AlisterSwift_Example.app/AlisterSwift_Example";
			};
			name = Release;
		};
/* End XCBuildConfiguration section */

/* Begin XCConfigurationList section */
		607FACCB1AFB9204008FA782 /* Build configuration list for PBXProject "AlisterSwift" */ = {
			isa = XCConfigurationList;
			buildConfigurations = (
				607FACED1AFB9204008FA782 /* Debug */,
				607FACEE1AFB9204008FA782 /* Release */,
			);
			defaultConfigurationIsVisible = 0;
			defaultConfigurationName = Release;
		};
		607FACEF1AFB9204008FA782 /* Build configuration list for PBXNativeTarget "AlisterSwift_Example" */ = {
			isa = XCConfigurationList;
			buildConfigurations = (
				607FACF01AFB9204008FA782 /* Debug */,
				607FACF11AFB9204008FA782 /* Release */,
			);
			defaultConfigurationIsVisible = 0;
			defaultConfigurationName = Release;
		};
		607FACF21AFB9204008FA782 /* Build configuration list for PBXNativeTarget "AlisterSwift_Tests" */ = {
			isa = XCConfigurationList;
			buildConfigurations = (
				607FACF31AFB9204008FA782 /* Debug */,
				607FACF41AFB9204008FA782 /* Release */,
			);
			defaultConfigurationIsVisible = 0;
			defaultConfigurationName = Release;
		};
/* End XCConfigurationList section */
	};
	rootObject = 607FACC81AFB9204008FA782 /* Project object */;
}
